<?xml version="1.0" encoding="utf-8"?>
<Project ToolsVersion="4.0" xmlns="http://schemas.microsoft.com/developer/msbuild/2003">
  <ItemGroup>
    <ClCompile Include="main.cpp" />
    <ClCompile Include="src\Core\driver.cpp" />
    <ClCompile Include="src\Core\process.cpp" />
    <ClCompile Include="src\Helpers\OS-ImGui\imgui\imgui.cpp" />
    <ClCompile Include="src\Helpers\OS-ImGui\imgui\imgui_demo.cpp" />
    <ClCompile Include="src\Helpers\OS-ImGui\imgui\imgui_draw.cpp" />
    <ClCompile Include="src\Helpers\OS-ImGui\imgui\imgui_impl_dx11.cpp" />
    <ClCompile Include="src\Helpers\OS-ImGui\imgui\imgui_impl_win32.cpp" />
    <ClCompile Include="src\Helpers\OS-ImGui\imgui\imgui_tables.cpp" />
    <ClCompile Include="src\Helpers\OS-ImGui\imgui\imgui_widgets.cpp" />
    <ClCompile Include="src\Helpers\OS-ImGui\OS-ImGui.cpp" />
    <ClCompile Include="src\Helpers\OS-ImGui\OS-ImGui_Base.cpp" />
    <ClCompile Include="src\Helpers\OS-ImGui\OS-ImGui_External.cpp" />
    <ClCompile Include="src\Helpers\kernel_mouse.cpp" />
    <ClCompile Include="src\Features\Aimbot.cpp" />
    <ClCompile Include="src\Helpers\console_logger.cpp" />
    <ClCompile Include="src\Offsets\offset_manager.cpp" />
    <ClCompile Include="src\Features\BoneESP.cpp" />
  </ItemGroup>
  <ItemGroup>
    <ClInclude Include="src\Core\driver.hpp" />
    <ClInclude Include="src\Core\process.hpp" />
    <ClInclude Include="src\Features\bhop.hpp" />
    <ClInclude Include="src\Features\entity.hpp" />
    <ClInclude Include="src\Features\entity_enumerator.hpp" />
    <ClInclude Include="src\Features\Aimbot.hpp" />
    <ClInclude Include="src\Features\triggerbot.hpp" />
    <ClInclude Include="src\Helpers\console_logger.hpp" />
    <ClInclude Include="src\Helpers\kernel_mouse.hpp" />
    <ClInclude Include="src\Helpers\OS-ImGui\imgui\imconfig.h" />
    <ClInclude Include="src\Helpers\OS-ImGui\imgui\imgui.h" />
    <ClInclude Include="src\Helpers\OS-ImGui\imgui\imgui_impl_dx11.h" />
    <ClInclude Include="src\Helpers\OS-ImGui\imgui\imgui_impl_win32.h" />
    <ClInclude Include="src\Helpers\OS-ImGui\imgui\imgui_internal.h" />
    <ClInclude Include="src\Helpers\OS-ImGui\imgui\imstb_rectpack.h" />
    <ClInclude Include="src\Helpers\OS-ImGui\imgui\imstb_textedit.h" />
    <ClInclude Include="src\Helpers\OS-ImGui\imgui\imstb_truetype.h" />
    <ClInclude Include="src\Helpers\OS-ImGui\OS-ImGui.h" />
    <ClInclude Include="src\Helpers\OS-ImGui\OS-ImGui_Base.h" />
    <ClInclude Include="src\Helpers\OS-ImGui\OS-ImGui_Exception.h" />
    <ClInclude Include="src\Helpers\OS-ImGui\OS-ImGui_External.h" />
    <ClInclude Include="src\Helpers\OS-ImGui\OS-ImGui_Struct.h" />
    <ClInclude Include="src\Helpers\OS-ImGui\stb\stb_image.h" />
    <ClInclude Include="src\Offsets\buttons.hpp" />
    <ClInclude Include="src\Offsets\client_dll.hpp" />
    <ClInclude Include="src\Offsets\offsets.hpp" />
    <ClInclude Include="src\Offsets\offset_updater.hpp" />
    <ClInclude Include="src\Offsets\offset_manager.hpp" />
    <ClInclude Include="src\Offsets\client.dll.hpp" />
    <ClInclude Include="src\Offsets\server_dll.hpp" />
    <ClInclude Include="src\Offsets\offsets_pt2.hpp" />
    <ClInclude Include="src\Helpers\download_helper.hpp" />
    <ClInclude Include="src\Helpers\windows_security_helper.hpp" />
    <ClInclude Include="src\Helpers\driver_loader_helper.hpp" />
    <ClInclude Include="src\Helpers\console_colors.hpp" />
    <ClInclude Include="src\Helpers\version_manager.hpp" />
    <ClInclude Include="src\Helpers\driver_patcher.hpp" />
    <ClInclude Include="src\Features\BoneESP.hpp" />
    <ClInclude Include="src\Features\ImGuiESP.hpp" />
    <ClInclude Include="src\Features\Chams.hpp" />
    <ClInclude Include="src\Features\VisibilityChecker.hpp" />
    <ClInclude Include="src\Helpers\logger.hpp" />
    <ClInclude Include="src\Features\RecoilCompensation.hpp" />
    <ClInclude Include="src\Features\EntityPredictor.hpp" />
    <ClInclude Include="src\Features\SmoothAim.hpp" />
    <ClInclude Include="src\Features\HeadAngleLine.hpp" />
    <ClInclude Include="src\Helpers\settings_manager.hpp" />
  </ItemGroup>
</Project>